
Microsoft Visual Studio Solution File, Format Version 12.00
# Visual Studio 15
VisualStudioVersion = 15.0.28307.1300
MinimumVisualStudioVersion = 10.0.40219.1
Project("{FAE04EC0-301F-11D3-BF4B-00C04F79EFBC}") = "AppLogin", "AppLogin\AppLogin.csproj", "{326D9C47-D989-4CBC-980B-816C892FC732}"
EndProject
Global
	GlobalSection(SolutionConfigurationPlatforms) = preSolution
		Debug|Any CPU = Debug|Any CPU
		Release|Any CPU = Release|Any CPU
	EndGlobalSection
	GlobalSection(ProjectConfigurationPlatforms) = postSolution
		{326D9C47-D989-4CBC-980B-816C892FC732}.Debug|Any CPU.ActiveCfg = Debug|Any CPU
		{326D9C47-D989-4CBC-980B-816C892FC732}.Debug|Any CPU.Build.0 = Debug|Any CPU
		{326D9C47-D989-4CBC-980B-816C892FC732}.Release|Any CPU.ActiveCfg = Release|Any CPU
		{326D9C47-D989-4CBC-980B-816C892FC732}.Release|Any CPU.Build.0 = Release|Any CPU
	EndGlobalSection
	GlobalSection(SolutionProperties) = preSolution
		HideSolutionNode = FALSE
	EndGlobalSection
	GlobalSection(ExtensibilityGlobals) = postSolution
		SolutionGuid = {A9DF23F2-6C14-4782-B599-98E843D7E2D6}
	EndGlobalSection
EndGlobal
